
Microsoft Visual Studio Solution File, Format Version 12.00
# Visual Studio Version 16
VisualStudioVersion = 16.0.33423.256
MinimumVisualStudioVersion = 10.0.40219.1
Project("{8BC9CEB8-8B4A-11D0-8D11-00A0C91BC942}") = "GUI", "GUI\GUI.vcxproj", "{6FA28807-B6B7-4C82-9799-17C62CCE718E}"
EndProject
Global
	GlobalSection(SolutionConfigurationPlatforms) = preSolution
		Debug|x64 = Debug|x64
		Debug|x86 = Debug|x86
		Release|x64 = Release|x64
		Release|x86 = Release|x86
	EndGlobalSection
	GlobalSection(ProjectConfigurationPlatforms) = postSolution
		{6FA28807-B6B7-4C82-9799-17C62CCE718E}.Debug|x64.ActiveCfg = Debug|x64
		{6FA28807-B6B7-4C82-9799-17C62CCE718E}.Debug|x64.Build.0 = Debug|x64
		{6FA28807-B6B7-4C82-9799-17C62CCE718E}.Debug|x86.ActiveCfg = Debug|Win32
		{6FA28807-B6B7-4C82-9799-17C62CCE718E}.Debug|x86.Build.0 = Debug|Win32
		{6FA28807-B6B7-4C82-9799-17C62CCE718E}.Release|x64.ActiveCfg = Release|x64
		{6FA28807-B6B7-4C82-9799-17C62CCE718E}.Release|x64.Build.0 = Release|x64
		{6FA28807-B6B7-4C82-9799-17C62CCE718E}.Release|x86.ActiveCfg = Release|Win32
		{6FA28807-B6B7-4C82-9799-17C62CCE718E}.Release|x86.Build.0 = Release|Win32
	EndGlobalSection
	GlobalSection(SolutionProperties) = preSolution
		HideSolutionNode = FALSE
	EndGlobalSection
	GlobalSection(ExtensibilityGlobals) = postSolution
		SolutionGuid = {46FBBC66-842F-41B6-BF51-DA718FCD4949}
	EndGlobalSection
EndGlobal
